PODS:
  - Kingfisher (7.7.0)
  - MBProgressHUD (1.2.0)
  - SwiftyJSON (5.0.1)

DEPENDENCIES:
  - Kingfisher
  - MBProgressHUD
  - SwiftyJSON

SPEC REPOS:
  trunk:
    - Kingfisher
    - MBProgressHUD
    - SwiftyJSON

SPEC CHECKSUMS:
  Kingfisher: f043ac666dfc96c1f37604f93effb45a7ee3a3e1
  MBProgressHUD: 3ee5efcc380f6a79a7cc9b363dd669c5e1ae7406
  SwiftyJSON: 2f33a42c6fbc52764d96f13368585094bfd8aa5e

PODFILE CHECKSUM: 0c9ad1c5acdb96144f4fd22c21a4c5624841e01d

COCOAPODS: 1.11.3
