PODS:
  - Kingfisher (7.7.0)
  - MBProgressHUD (1.2.0)
  - SwiftyJSON (5.0.1)

DEPENDENCIES:
  - Kingfisher
  - MBProgressHUD
  - SwiftyJSON

SPEC REPOS:
  trunk:
    - Kingfisher
    - MBProgressHUD
    - SwiftyJSON

SPEC CHECKSUMS:
  Kingfisher: f043ac666dfc96c1f37604f93effb45a7ee3a3e1
  MBProgressHUD: 3ee5efcc380f6a79a7cc9b363dd669c5e1ae7406
  SwiftyJSON: 2f33a42c6fbc52764d96f13368585094bfd8aa5e

PODFILE CHECKSUM: 894d5e4798c799ef173d857f60531a4c700748c2

COCOAPODS: 1.11.3
